// !$*UTF8*$!
{
	archiveVersion = 1;
	classes = {
	};
	objectVersion = 46;
	objects = {

/* Begin PBXBuildFile section */
		D608730F1BDDA767009D85F5 /* TermsViewController.swift in Sources */ = {isa = PBXBuildFile; fileRef = D608730E1BDDA767009D85F5 /* TermsViewController.swift */; };
		D60873151BDDB3C2009D85F5 /* TroubleSignInViewController.swift in Sources */ = {isa = PBXBuildFile; fileRef = D60873141BDDB3C2009D85F5 /* TroubleSignInViewController.swift */; };
		D65FE00D1BDD8C0600F0C545 /* existingPhotosViewController.swift in Sources */ = {isa = PBXBuildFile; fileRef = D65FE00C1BDD8C0600F0C545 /* existingPhotosViewController.swift */; };
		D65FE00F1BDD8E8E00F0C545 /* settingsSignInViewController.swift in Sources */ = {isa = PBXBuildFile; fileRef = D65FE00E1BDD8E8E00F0C545 /* settingsSignInViewController.swift */; };
		D66C9CDE1BDADDC1006F3D2A /* AppDelegate.swift in Sources */ = {isa = PBXBuildFile; fileRef = D66C9CDD1BDADDC1006F3D2A /* AppDelegate.swift */; };
		D66C9CE01BDADDC1006F3D2A /* ViewController.swift in Sources */ = {isa = PBXBuildFile; fileRef = D66C9CDF1BDADDC1006F3D2A /* ViewController.swift */; };
		D66C9CE31BDADDC1006F3D2A /* Main.storyboard in Resources */ = {isa = PBXBuildFile; fileRef = D66C9CE11BDADDC1006F3D2A /* Main.storyboard */; };
		D66C9CE51BDADDC1006F3D2A /* Assets.xcassets in Resources */ = {isa = PBXBuildFile; fileRef = D66C9CE41BDADDC1006F3D2A /* Assets.xcassets */; };
		D66C9CE81BDADDC1006F3D2A /* LaunchScreen.storyboard in Resources */ = {isa = PBXBuildFile; fileRef = D66C9CE61BDADDC1006F3D2A /* LaunchScreen.storyboard */; };
		D66C9CF31BDADDC1006F3D2A /* DropboxTests.swift in Sources */ = {isa = PBXBuildFile; fileRef = D66C9CF21BDADDC1006F3D2A /* DropboxTests.swift */; };
		D66C9CFE1BDADDC1006F3D2A /* DropboxUITests.swift in Sources */ = {isa = PBXBuildFile; fileRef = D66C9CFD1BDADDC1006F3D2A /* DropboxUITests.swift */; };
		D694935E1BDC1FC600561F0B /* CreateAccountViewController.swift in Sources */ = {isa = PBXBuildFile; fileRef = D694935D1BDC1FC600561F0B /* CreateAccountViewController.swift */; };
		D69493601BDC1FD500561F0B /* SignInViewController.swift in Sources */ = {isa = PBXBuildFile; fileRef = D694935F1BDC1FD500561F0B /* SignInViewController.swift */; };
		D69818B21BDC6C11008D0037 /* transitionOneViewController.swift in Sources */ = {isa = PBXBuildFile; fileRef = D69818B11BDC6C11008D0037 /* transitionOneViewController.swift */; };
		D69818B41BDC6F52008D0037 /* transitionTwoViewController.swift in Sources */ = {isa = PBXBuildFile; fileRef = D69818B31BDC6F52008D0037 /* transitionTwoViewController.swift */; };
		D69818BA1BDCBE49008D0037 /* settingsViewController.swift in Sources */ = {isa = PBXBuildFile; fileRef = D69818B91BDCBE49008D0037 /* settingsViewController.swift */; };
/* End PBXBuildFile section */

/* Begin PBXContainerItemProxy section */
		D66C9CEF1BDADDC1006F3D2A /* PBXContainerItemProxy */ = {
			isa = PBXContainerItemProxy;
			containerPortal = D66C9CD21BDADDC1006F3D2A /* Project object */;
			proxyType = 1;
			remoteGlobalIDString = D66C9CD91BDADDC1006F3D2A;
			remoteInfo = Dropbox;
		};
		D66C9CFA1BDADDC1006F3D2A /* PBXContainerItemProxy */ = {
			isa = PBXContainerItemProxy;
			containerPortal = D66C9CD21BDADDC1006F3D2A /* Project object */;
			proxyType = 1;
			remoteGlobalIDString = D66C9CD91BDADDC1006F3D2A;
			remoteInfo = Dropbox;
		};
/* End PBXContainerItemProxy section */

/* Begin PBXFileReference section */
		D608730E1BDDA767009D85F5 /* TermsViewController.swift */ = {isa = PBXFileReference; fileEncoding = 4; lastKnownFileType = sourcecode.swift; path = TermsViewController.swift; sourceTree = "<group>"; };
		D60873141BDDB3C2009D85F5 /* TroubleSignInViewController.swift */ = {isa = PBXFileReference; fileEncoding = 4; lastKnownFileType = sourcecode.swift; path = TroubleSignInViewController.swift; sourceTree = "<group>"; };
		D65FE00C1BDD8C0600F0C545 /* existingPhotosViewController.swift */ = {isa = PBXFileReference; fileEncoding = 4; lastKnownFileType = sourcecode.swift; path = existingPhotosViewController.swift; sourceTree = "<group>"; };
		D65FE00E1BDD8E8E00F0C545 /* settingsSignInViewController.swift */ = {isa = PBXFileReference; fileEncoding = 4; lastKnownFileType = sourcecode.swift; path = settingsSignInViewController.swift; sourceTree = "<group>"; };
		D66C9CDA1BDADDC1006F3D2A /* Dropbox.app */ = {isa = PBXFileReference; explicitFileType = wrapper.application; includeInIndex = 0; path = Dropbox.app; sourceTree = BUILT_PRODUCTS_DIR; };
		D66C9CDD1BDADDC1006F3D2A /* AppDelegate.swift */ = {isa = PBXFileReference; lastKnownFileType = sourcecode.swift; path = AppDelegate.swift; sourceTree = "<group>"; };
		D66C9CDF1BDADDC1006F3D2A /* ViewController.swift */ = {isa = PBXFileReference; lastKnownFileType = sourcecode.swift; path = ViewController.swift; sourceTree = "<group>"; };
		D66C9CE21BDADDC1006F3D2A /* Base */ = {isa = PBXFileReference; lastKnownFileType = file.storyboard; name = Base; path = Base.lproj/Main.storyboard; sourceTree = "<group>"; };
		D66C9CE41BDADDC1006F3D2A /* Assets.xcassets */ = {isa = PBXFileReference; lastKnownFileType = folder.assetcatalog; path = Assets.xcassets; sourceTree = "<group>"; };
		D66C9CE71BDADDC1006F3D2A /* Base */ = {isa = PBXFileReference; lastKnownFileType = file.storyboard; name = Base; path = Base.lproj/LaunchScreen.storyboard; sourceTree = "<group>"; };
		D66C9CE91BDADDC1006F3D2A /* Info.plist */ = {isa = PBXFileReference; lastKnownFileType = text.plist.xml; path = Info.plist; sourceTree = "<group>"; };
		D66C9CEE1BDADDC1006F3D2A /* DropboxTests.xctest */ = {isa = PBXFileReference; explicitFileType = wrapper.cfbundle; includeInIndex = 0; path = DropboxTests.xctest; sourceTree = BUILT_PRODUCTS_DIR; };
		D66C9CF21BDADDC1006F3D2A /* DropboxTests.swift */ = {isa = PBXFileReference; lastKnownFileType = sourcecode.swift; path = DropboxTests.swift; sourceTree = "<group>"; };
		D66C9CF41BDADDC1006F3D2A /* Info.plist */ = {isa = PBXFileReference; lastKnownFileType = text.plist.xml; path = Info.plist; sourceTree = "<group>"; };
		D66C9CF91BDADDC1006F3D2A /* DropboxUITests.xctest */ = {isa = PBXFileReference; explicitFileType = wrapper.cfbundle; includeInIndex = 0; path = DropboxUITests.xctest; sourceTree = BUILT_PRODUCTS_DIR; };
		D66C9CFD1BDADDC1006F3D2A /* DropboxUITests.swift */ = {isa = PBXFileReference; lastKnownFileType = sourcecode.swift; path = DropboxUITests.swift; sourceTree = "<group>"; };
		D66C9CFF1BDADDC1006F3D2A /* Info.plist */ = {isa = PBXFileReference; lastKnownFileType = text.plist.xml; path = Info.plist; sourceTree = "<group>"; };
		D694935D1BDC1FC600561F0B /* CreateAccountViewController.swift */ = {isa = PBXFileReference; fileEncoding = 4; lastKnownFileType = sourcecode.swift; path = CreateAccountViewController.swift; sourceTree = "<group>"; };
		D694935F1BDC1FD500561F0B /* SignInViewController.swift */ = {isa = PBXFileReference; fileEncoding = 4; lastKnownFileType = sourcecode.swift; path = SignInViewController.swift; sourceTree = "<group>"; };
		D69818B11BDC6C11008D0037 /* transitionOneViewController.swift */ = {isa = PBXFileReference; fileEncoding = 4; lastKnownFileType = sourcecode.swift; path = transitionOneViewController.swift; sourceTree = "<group>"; };
		D69818B31BDC6F52008D0037 /* transitionTwoViewController.swift */ = {isa = PBXFileReference; fileEncoding = 4; lastKnownFileType = sourcecode.swift; path = transitionTwoViewController.swift; sourceTree = "<group>"; };
		D69818B91BDCBE49008D0037 /* settingsViewController.swift */ = {isa = PBXFileReference; fileEncoding = 4; lastKnownFileType = sourcecode.swift; path = settingsViewController.swift; sourceTree = "<group>"; };
/* End PBXFileReference section */

/* Begin PBXFrameworksBuildPhase section */
		D66C9CD71BDADDC1006F3D2A /* Frameworks */ = {
			isa = PBXFrameworksBuildPhase;
			buildActionMask = 2147483647;
			files = (
			);
			runOnlyForDeploymentPostprocessing = 0;
		};
		D66C9CEB1BDADDC1006F3D2A /* Frameworks */ = {
			isa = PBXFrameworksBuildPhase;
			buildActionMask = 2147483647;
			files = (
			);
			runOnlyForDeploymentPostprocessing = 0;
		};
		D66C9CF61BDADDC1006F3D2A /* Frameworks */ = {
			isa = PBXFrameworksBuildPhase;
			buildActionMask = 2147483647;
			files = (
			);
			runOnlyForDeploymentPostprocessing = 0;
		};
/* End PBXFrameworksBuildPhase section */

/* Begin PBXGroup section */
		D66C9CD11BDADDC1006F3D2A = {
			isa = PBXGroup;
			children = (
				D66C9CDC1BDADDC1006F3D2A /* Dropbox */,
				D66C9CF11BDADDC1006F3D2A /* DropboxTests */,
				D66C9CFC1BDADDC1006F3D2A /* DropboxUITests */,
				D66C9CDB1BDADDC1006F3D2A /* Products */,
			);
			sourceTree = "<group>";
		};
		D66C9CDB1BDADDC1006F3D2A /* Products */ = {
			isa = PBXGroup;
			children = (
				D66C9CDA1BDADDC1006F3D2A /* Dropbox.app */,
				D66C9CEE1BDADDC1006F3D2A /* DropboxTests.xctest */,
				D66C9CF91BDADDC1006F3D2A /* DropboxUITests.xctest */,
			);
			name = Products;
			sourceTree = "<group>";
		};
		D66C9CDC1BDADDC1006F3D2A /* Dropbox */ = {
			isa = PBXGroup;
			children = (
				D65FE00C1BDD8C0600F0C545 /* existingPhotosViewController.swift */,
				D694935D1BDC1FC600561F0B /* CreateAccountViewController.swift */,
				D694935F1BDC1FD500561F0B /* SignInViewController.swift */,
				D66C9CDD1BDADDC1006F3D2A /* AppDelegate.swift */,
				D66C9CDF1BDADDC1006F3D2A /* ViewController.swift */,
				D66C9CE11BDADDC1006F3D2A /* Main.storyboard */,
				D60873141BDDB3C2009D85F5 /* TroubleSignInViewController.swift */,
				D608730E1BDDA767009D85F5 /* TermsViewController.swift */,
				D65FE00E1BDD8E8E00F0C545 /* settingsSignInViewController.swift */,
				D69818B91BDCBE49008D0037 /* settingsViewController.swift */,
				D69818B31BDC6F52008D0037 /* transitionTwoViewController.swift */,
				D69818B11BDC6C11008D0037 /* transitionOneViewController.swift */,
				D66C9CE41BDADDC1006F3D2A /* Assets.xcassets */,
				D66C9CE61BDADDC1006F3D2A /* LaunchScreen.storyboard */,
				D66C9CE91BDADDC1006F3D2A /* Info.plist */,
			);
			path = Dropbox;
			sourceTree = "<group>";
		};
		D66C9CF11BDADDC1006F3D2A /* DropboxTests */ = {
			isa = PBXGroup;
			children = (
				D66C9CF21BDADDC1006F3D2A /* DropboxTests.swift */,
				D66C9CF41BDADDC1006F3D2A /* Info.plist */,
			);
			path = DropboxTests;
			sourceTree = "<group>";
		};
		D66C9CFC1BDADDC1006F3D2A /* DropboxUITests */ = {
			isa = PBXGroup;
			children = (
				D66C9CFD1BDADDC1006F3D2A /* DropboxUITests.swift */,
				D66C9CFF1BDADDC1006F3D2A /* Info.plist */,
			);
			path = DropboxUITests;
			sourceTree = "<group>";
		};
/* End PBXGroup section */

/* Begin PBXNativeTarget section */
		D66C9CD91BDADDC1006F3D2A /* Dropbox */ = {
			isa = PBXNativeTarget;
			buildConfigurationList = D66C9D021BDADDC1006F3D2A /* Build configuration list for PBXNativeTarget "Dropbox" */;
			buildPhases = (
				D66C9CD61BDADDC1006F3D2A /* Sources */,
				D66C9CD71BDADDC1006F3D2A /* Frameworks */,
				D66C9CD81BDADDC1006F3D2A /* Resources */,
			);
			buildRules = (
			);
			dependencies = (
			);
			name = Dropbox;
			productName = Dropbox;
			productReference = D66C9CDA1BDADDC1006F3D2A /* Dropbox.app */;
			productType = "com.apple.product-type.application";
		};
		D66C9CED1BDADDC1006F3D2A /* DropboxTests */ = {
			isa = PBXNativeTarget;
			buildConfigurationList = D66C9D051BDADDC1006F3D2A /* Build configuration list for PBXNativeTarget "DropboxTests" */;
			buildPhases = (
				D66C9CEA1BDADDC1006F3D2A /* Sources */,
				D66C9CEB1BDADDC1006F3D2A /* Frameworks */,
				D66C9CEC1BDADDC1006F3D2A /* Resources */,
			);
			buildRules = (
			);
			dependencies = (
				D66C9CF01BDADDC1006F3D2A /* PBXTargetDependency */,
			);
			name = DropboxTests;
			productName = DropboxTests;
			productReference = D66C9CEE1BDADDC1006F3D2A /* DropboxTests.xctest */;
			productType = "com.apple.product-type.bundle.unit-test";
		};
		D66C9CF81BDADDC1006F3D2A /* DropboxUITests */ = {
			isa = PBXNativeTarget;
			buildConfigurationList = D66C9D081BDADDC1006F3D2A /* Build configuration list for PBXNativeTarget "DropboxUITests" */;
			buildPhases = (
				D66C9CF51BDADDC1006F3D2A /* Sources */,
				D66C9CF61BDADDC1006F3D2A /* Frameworks */,
				D66C9CF71BDADDC1006F3D2A /* Resources */,
			);
			buildRules = (
			);
			dependencies = (
				D66C9CFB1BDADDC1006F3D2A /* PBXTargetDependency */,
			);
			name = DropboxUITests;
			productName = DropboxUITests;
			productReference = D66C9CF91BDADDC1006F3D2A /* DropboxUITests.xctest */;
			productType = "com.apple.product-type.bundle.ui-testing";
		};
/* End PBXNativeTarget section */

/* Begin PBXProject section */
		D66C9CD21BDADDC1006F3D2A /* Project object */ = {
			isa = PBXProject;
			attributes = {
				LastSwiftUpdateCheck = 0710;
				LastUpgradeCheck = 0710;
				ORGANIZATIONNAME = "Haihong Wang";
				TargetAttributes = {
					D66C9CD91BDADDC1006F3D2A = {
						CreatedOnToolsVersion = 7.1;
					};
					D66C9CED1BDADDC1006F3D2A = {
						CreatedOnToolsVersion = 7.1;
						TestTargetID = D66C9CD91BDADDC1006F3D2A;
					};
					D66C9CF81BDADDC1006F3D2A = {
						CreatedOnToolsVersion = 7.1;
						TestTargetID = D66C9CD91BDADDC1006F3D2A;
					};
				};
			};
			buildConfigurationList = D66C9CD51BDADDC1006F3D2A /* Build configuration list for PBXProject "Dropbox" */;
			compatibilityVersion = "Xcode 3.2";
			developmentRegion = English;
			hasScannedForEncodings = 0;
			knownRegions = (
				en,
				Base,
			);
			mainGroup = D66C9CD11BDADDC1006F3D2A;
			productRefGroup = D66C9CDB1BDADDC1006F3D2A /* Products */;
			projectDirPath = "";
			projectRoot = "";
			targets = (
				D66C9CD91BDADDC1006F3D2A /* Dropbox */,
				D66C9CED1BDADDC1006F3D2A /* DropboxTests */,
				D66C9CF81BDADDC1006F3D2A /* DropboxUITests */,
			);
		};
/* End PBXProject section */

/* Begin PBXResourcesBuildPhase section */
		D66C9CD81BDADDC1006F3D2A /* Resources */ = {
			isa = PBXResourcesBuildPhase;
			buildActionMask = 2147483647;
			files = (
				D66C9CE81BDADDC1006F3D2A /* LaunchScreen.storyboard in Resources */,
				D66C9CE51BDADDC1006F3D2A /* Assets.xcassets in Resources */,
				D66C9CE31BDADDC1006F3D2A /* Main.storyboard in Resources */,
			);
			runOnlyForDeploymentPostprocessing = 0;
		};
		D66C9CEC1BDADDC1006F3D2A /* Resources */ = {
			isa = PBXResourcesBuildPhase;
			buildActionMask = 2147483647;
			files = (
			);
			runOnlyForDeploymentPostprocessing = 0;
		};
		D66C9CF71BDADDC1006F3D2A /* Resources */ = {
			isa = PBXResourcesBuildPhase;
			buildActionMask = 2147483647;
			files = (
			);
			runOnlyForDeploymentPostprocessing = 0;
		};
/* End PBXResourcesBuildPhase section */

/* Begin PBXSourcesBuildPhase section */
		D66C9CD61BDADDC1006F3D2A /* Sources */ = {
			isa = PBXSourcesBuildPhase;
			buildActionMask = 2147483647;
			files = (
				D60873151BDDB3C2009D85F5 /* TroubleSignInViewController.swift in Sources */,
				D65FE00F1BDD8E8E00F0C545 /* settingsSignInViewController.swift in Sources */,
				D69818B41BDC6F52008D0037 /* transitionTwoViewController.swift in Sources */,
				D69493601BDC1FD500561F0B /* SignInViewController.swift in Sources */,
				D694935E1BDC1FC600561F0B /* CreateAccountViewController.swift in Sources */,
				D608730F1BDDA767009D85F5 /* TermsViewController.swift in Sources */,
				D69818B21BDC6C11008D0037 /* transitionOneViewController.swift in Sources */,
				D65FE00D1BDD8C0600F0C545 /* existingPhotosViewController.swift in Sources */,
				D66C9CE01BDADDC1006F3D2A /* ViewController.swift in Sources */,
				D66C9CDE1BDADDC1006F3D2A /* AppDelegate.swift in Sources */,
				D69818BA1BDCBE49008D0037 /* settingsViewController.swift in Sources */,
			);
			runOnlyForDeploymentPostprocessing = 0;
		};
		D66C9CEA1BDADDC1006F3D2A /* Sources */ = {
			isa = PBXSourcesBuildPhase;
			buildActionMask = 2147483647;
			files = (
				D66C9CF31BDADDC1006F3D2A /* DropboxTests.swift in Sources */,
			);
			runOnlyForDeploymentPostprocessing = 0;
		};
		D66C9CF51BDADDC1006F3D2A /* Sources */ = {
			isa = PBXSourcesBuildPhase;
			buildActionMask = 2147483647;
			files = (
				D66C9CFE1BDADDC1006F3D2A /* DropboxUITests.swift in Sources */,
			);
			runOnlyForDeploymentPostprocessing = 0;
		};
/* End PBXSourcesBuildPhase section */

/* Begin PBXTargetDependency section */
		D66C9CF01BDADDC1006F3D2A /* PBXTargetDependency */ = {
			isa = PBXTargetDependency;
			target = D66C9CD91BDADDC1006F3D2A /* Dropbox */;
			targetProxy = D66C9CEF1BDADDC1006F3D2A /* PBXContainerItemProxy */;
		};
		D66C9CFB1BDADDC1006F3D2A /* PBXTargetDependency */ = {
			isa = PBXTargetDependency;
			target = D66C9CD91BDADDC1006F3D2A /* Dropbox */;
			targetProxy = D66C9CFA1BDADDC1006F3D2A /* PBXContainerItemProxy */;
		};
/* End PBXTargetDependency section */

/* Begin PBXVariantGroup section */
		D66C9CE11BDADDC1006F3D2A /* Main.storyboard */ = {
			isa = PBXVariantGroup;
			children = (
				D66C9CE21BDADDC1006F3D2A /* Base */,
			);
			name = Main.storyboard;
			sourceTree = "<group>";
		};
		D66C9CE61BDADDC1006F3D2A /* LaunchScreen.storyboard */ = {
			isa = PBXVariantGroup;
			children = (
				D66C9CE71BDADDC1006F3D2A /* Base */,
			);
			name = LaunchScreen.storyboard;
			sourceTree = "<group>";
		};
/* End PBXVariantGroup section */

/* Begin XCBuildConfiguration section */
		D66C9D001BDADDC1006F3D2A /* Debug */ = {
			isa = XCBuildConfiguration;
			buildSettings = {
				ALWAYS_SEARCH_USER_PATHS = NO;
				CLANG_CXX_LANGUAGE_STANDARD = "gnu++0x";
				CLANG_CXX_LIBRARY = "libc++";
				CLANG_ENABLE_MODULES = YES;
				CLANG_ENABLE_OBJC_ARC = YES;
				CLANG_WARN_BOOL_CONVERSION = YES;
				CLANG_WARN_CONSTANT_CONVERSION = YES;
				CLANG_WARN_DIRECT_OBJC_ISA_USAGE = YES_ERROR;
				CLANG_WARN_EMPTY_BODY = YES;
				CLANG_WARN_ENUM_CONVERSION = YES;
				CLANG_WARN_INT_CONVERSION = YES;
				CLANG_WARN_OBJC_ROOT_CLASS = YES_ERROR;
				CLANG_WARN_UNREACHABLE_CODE = YES;
				CLANG_WARN__DUPLICATE_METHOD_MATCH = YES;
				"CODE_SIGN_IDENTITY[sdk=iphoneos*]" = "iPhone Developer";
				COPY_PHASE_STRIP = NO;
				DEBUG_INFORMATION_FORMAT = dwarf;
				ENABLE_STRICT_OBJC_MSGSEND = YES;
				ENABLE_TESTABILITY = YES;
				GCC_C_LANGUAGE_STANDARD = gnu99;
				GCC_DYNAMIC_NO_PIC = NO;
				GCC_NO_COMMON_BLOCKS = YES;
				GCC_OPTIMIZATION_LEVEL = 0;
				GCC_PREPROCESSOR_DEFINITIONS = (
					"DEBUG=1",
					"$(inherited)",
				);
				GCC_WARN_64_TO_32_BIT_CONVERSION = YES;
				GCC_WARN_ABOUT_RETURN_TYPE = YES_ERROR;
				GCC_WARN_UNDECLARED_SELECTOR = YES;
				GCC_WARN_UNINITIALIZED_AUTOS = YES_AGGRESSIVE;
				GCC_WARN_UNUSED_FUNCTION = YES;
				GCC_WARN_UNUSED_VARIABLE = YES;
				IPHONEOS_DEPLOYMENT_TARGET = 9.1;
				MTL_ENABLE_DEBUG_INFO = YES;
				ONLY_ACTIVE_ARCH = YES;
				SDKROOT = iphoneos;
				SWIFT_OPTIMIZATION_LEVEL = "-Onone";
			};
			name = Debug;
		};
		D66C9D011BDADDC1006F3D2A /* Release */ = {
			isa = XCBuildConfiguration;
			buildSettings = {
				ALWAYS_SEARCH_USER_PATHS = NO;
				CLANG_CXX_LANGUAGE_STANDARD = "gnu++0x";
				CLANG_CXX_LIBRARY = "libc++";
				CLANG_ENABLE_MODULES = YES;
				CLANG_ENABLE_OBJC_ARC = YES;
				CLANG_WARN_BOOL_CONVERSION = YES;
				CLANG_WARN_CONSTANT_CONVERSION = YES;
				CLANG_WARN_DIRECT_OBJC_ISA_USAGE = YES_ERROR;
				CLANG_WARN_EMPTY_BODY = YES;
				CLANG_WARN_ENUM_CONVERSION = YES;
				CLANG_WARN_INT_CONVERSION = YES;
				CLANG_WARN_OBJC_ROOT_CLASS = YES_ERROR;
				CLANG_WARN_UNREACHABLE_CODE = YES;
				CLANG_WARN__DUPLICATE_METHOD_MATCH = YES;
				"CODE_SIGN_IDENTITY[sdk=iphoneos*]" = "iPhone Developer";
				COPY_PHASE_STRIP = NO;
				DEBUG_INFORMATION_FORMAT = "dwarf-with-dsym";
				ENABLE_NS_ASSERTIONS = NO;
				ENABLE_STRICT_OBJC_MSGSEND = YES;
				GCC_C_LANGUAGE_STANDARD = gnu99;
				GCC_NO_COMMON_BLOCKS = YES;
				GCC_WARN_64_TO_32_BIT_CONVERSION = YES;
				GCC_WARN_ABOUT_RETURN_TYPE = YES_ERROR;
				GCC_WARN_UNDECLARED_SELECTOR = YES;
				GCC_WARN_UNINITIALIZED_AUTOS = YES_AGGRESSIVE;
				GCC_WARN_UNUSED_FUNCTION = YES;
				GCC_WARN_UNUSED_VARIABLE = YES;
				IPHONEOS_DEPLOYMENT_TARGET = 9.1;
				MTL_ENABLE_DEBUG_INFO = NO;
				SDKROOT = iphoneos;
				VALIDATE_PRODUCT = YES;
			};
			name = Release;
		};
		D66C9D031BDADDC1006F3D2A /* Debug */ = {
			isa = XCBuildConfiguration;
			buildSettings = {
				ASSETCATALOG_COMPILER_APPICON_NAME = AppIcon;
				INFOPLIST_FILE = Dropbox/Info.plist;
				LD_RUNPATH_SEARCH_PATHS = "$(inherited) @executable_path/Frameworks";
				PRODUCT_BUNDLE_IDENTIFIER = haihong.Dropbox;
				PRODUCT_NAME = "$(TARGET_NAME)";
			};
			name = Debug;
		};
		D66C9D041BDADDC1006F3D2A /* Release */ = {
			isa = XCBuildConfiguration;
			buildSettings = {
				ASSETCATALOG_COMPILER_APPICON_NAME = AppIcon;
				INFOPLIST_FILE = Dropbox/Info.plist;
				LD_RUNPATH_SEARCH_PATHS = "$(inherited) @executable_path/Frameworks";
				PRODUCT_BUNDLE_IDENTIFIER = haihong.Dropbox;
				PRODUCT_NAME = "$(TARGET_NAME)";
			};
			name = Release;
		};
		D66C9D061BDADDC1006F3D2A /* Debug */ = {
			isa = XCBuildConfiguration;
			buildSettings = {
				BUNDLE_LOADER = "$(TEST_HOST)";
				INFOPLIST_FILE = DropboxTests/Info.plist;
				LD_RUNPATH_SEARCH_PATHS = "$(inherited) @executable_path/Frameworks @loader_path/Frameworks";
				PRODUCT_BUNDLE_IDENTIFIER = haihong.DropboxTests;
				PRODUCT_NAME = "$(TARGET_NAME)";
				TEST_HOST = "$(BUILT_PRODUCTS_DIR)/Dropbox.app/Dropbox";
			};
			name = Debug;
		};
		D66C9D071BDADDC1006F3D2A /* Release */ = {
			isa = XCBuildConfiguration;
			buildSettings = {
				BUNDLE_LOADER = "$(TEST_HOST)";
				INFOPLIST_FILE = DropboxTests/Info.plist;
				LD_RUNPATH_SEARCH_PATHS = "$(inherited) @executable_path/Frameworks @loader_path/Frameworks";
				PRODUCT_BUNDLE_IDENTIFIER = haihong.DropboxTests;
				PRODUCT_NAME = "$(TARGET_NAME)";
				TEST_HOST = "$(BUILT_PRODUCTS_DIR)/Dropbox.app/Dropbox";
			};
			name = Release;
		};
		D66C9D091BDADDC1006F3D2A /* Debug */ = {
			isa = XCBuildConfiguration;
			buildSettings = {
				INFOPLIST_FILE = DropboxUITests/Info.plist;
				LD_RUNPATH_SEARCH_PATHS = "$(inherited) @executable_path/Frameworks @loader_path/Frameworks";
				PRODUCT_BUNDLE_IDENTIFIER = haihong.DropboxUITests;
				PRODUCT_NAME = "$(TARGET_NAME)";
				TEST_TARGET_NAME = Dropbox;
				USES_XCTRUNNER = YES;
			};
			name = Debug;
		};
		D66C9D0A1BDADDC1006F3D2A /* Release */ = {
			isa = XCBuildConfiguration;
			buildSettings = {
				INFOPLIST_FILE = DropboxUITests/Info.plist;
				LD_RUNPATH_SEARCH_PATHS = "$(inherited) @executable_path/Frameworks @loader_path/Frameworks";
				PRODUCT_BUNDLE_IDENTIFIER = haihong.DropboxUITests;
				PRODUCT_NAME = "$(TARGET_NAME)";
				TEST_TARGET_NAME = Dropbox;
				USES_XCTRUNNER = YES;
			};
			name = Release;
		};
/* End XCBuildConfiguration section */

/* Begin XCConfigurationList section */
		D66C9CD51BDADDC1006F3D2A /* Build configuration list for PBXProject "Dropbox" */ = {
			isa = XCConfigurationList;
			buildConfigurations = (
				D66C9D001BDADDC1006F3D2A /* Debug */,
				D66C9D011BDADDC1006F3D2A /* Release */,
			);
			defaultConfigurationIsVisible = 0;
			defaultConfigurationName = Release;
		};
		D66C9D021BDADDC1006F3D2A /* Build configuration list for PBXNativeTarget "Dropbox" */ = {
			isa = XCConfigurationList;
			buildConfigurations = (
				D66C9D031BDADDC1006F3D2A /* Debug */,
				D66C9D041BDADDC1006F3D2A /* Release */,
			);
			defaultConfigurationIsVisible = 0;
			defaultConfigurationName = Release;
		};
		D66C9D051BDADDC1006F3D2A /* Build configuration list for PBXNativeTarget "DropboxTests" */ = {
			isa = XCConfigurationList;
			buildConfigurations = (
				D66C9D061BDADDC1006F3D2A /* Debug */,
				D66C9D071BDADDC1006F3D2A /* Release */,
			);
			defaultConfigurationIsVisible = 0;
			defaultConfigurationName = Release;
		};
		D66C9D081BDADDC1006F3D2A /* Build configuration list for PBXNativeTarget "DropboxUITests" */ = {
			isa = XCConfigurationList;
			buildConfigurations = (
				D66C9D091BDADDC1006F3D2A /* Debug */,
				D66C9D0A1BDADDC1006F3D2A /* Release */,
			);
			defaultConfigurationIsVisible = 0;
			defaultConfigurationName = Release;
		};
/* End XCConfigurationList section */
	};
	rootObject = D66C9CD21BDADDC1006F3D2A /* Project object */;
}
